
Microsoft Visual Studio Solution File, Format Version 12.00
# Visual Studio 15
VisualStudioVersion = 15.0.27130.2010
MinimumVisualStudioVersion = 10.0.40219.1
Project("{FAE04EC0-301F-11D3-BF4B-00C04F79EFBC}") = "LabBonus17_Cars", "LabBonus17_Cars\LabBonus17_Cars.csproj", "{149CA797-1C8A-4167-98AA-F0F37733C504}"
EndProject
Global
	GlobalSection(SolutionConfigurationPlatforms) = preSolution
		Debug|Any CPU = Debug|Any CPU
		Release|Any CPU = Release|Any CPU
	EndGlobalSection
	GlobalSection(ProjectConfigurationPlatforms) = postSolution
		{149CA797-1C8A-4167-98AA-F0F37733C504}.Debug|Any CPU.ActiveCfg = Debug|Any CPU
		{149CA797-1C8A-4167-98AA-F0F37733C504}.Debug|Any CPU.Build.0 = Debug|Any CPU
		{149CA797-1C8A-4167-98AA-F0F37733C504}.Release|Any CPU.ActiveCfg = Release|Any CPU
		{149CA797-1C8A-4167-98AA-F0F37733C504}.Release|Any CPU.Build.0 = Release|Any CPU
	EndGlobalSection
	GlobalSection(SolutionProperties) = preSolution
		HideSolutionNode = FALSE
	EndGlobalSection
	GlobalSection(ExtensibilityGlobals) = postSolution
		SolutionGuid = {7D4CF947-EF93-4ED4-A520-7CE690C3CD97}
	EndGlobalSection
EndGlobal
